
Microsoft Visual Studio Solution File, Format Version 12.00
# Visual Studio Version 17
VisualStudioVersion = 17.14.36401.2 d17.14
MinimumVisualStudioVersion = 10.0.40219.1
Project("{FAE04EC0-301F-11D3-BF4B-00C04F79EFBC}") = "Lab04_LTW", "Lab04_LTW.csproj", "{EC717554-B881-4DBD-9BA5-2C69F018C30D}"
EndProject
Global
	GlobalSection(SolutionConfigurationPlatforms) = preSolution
		Debug|Any CPU = Debug|Any CPU
		Release|Any CPU = Release|Any CPU
	EndGlobalSection
	GlobalSection(ProjectConfigurationPlatforms) = postSolution
		{EC717554-B881-4DBD-9BA5-2C69F018C30D}.Debug|Any CPU.ActiveCfg = Debug|Any CPU
		{EC717554-B881-4DBD-9BA5-2C69F018C30D}.Debug|Any CPU.Build.0 = Debug|Any CPU
		{EC717554-B881-4DBD-9BA5-2C69F018C30D}.Release|Any CPU.ActiveCfg = Release|Any CPU
		{EC717554-B881-4DBD-9BA5-2C69F018C30D}.Release|Any CPU.Build.0 = Release|Any CPU
	EndGlobalSection
	GlobalSection(SolutionProperties) = preSolution
		HideSolutionNode = FALSE
	EndGlobalSection
	GlobalSection(ExtensibilityGlobals) = postSolution
		SolutionGuid = {2AC38933-C7B4-427F-B1E5-1DAFE5B0803C}
	EndGlobalSection
EndGlobal
